
Microsoft Visual Studio Solution File, Format Version 12.00
# Visual Studio Version 16
VisualStudioVersion = 16.0.29613.14
MinimumVisualStudioVersion = 10.0.40219.1
Project("{FAE04EC0-301F-11D3-BF4B-00C04F79EFBC}") = "SfFormDemo", "SfFormDemo.csproj", "{CD679264-E0CE-4B3E-9435-CB912EECA607}"
EndProject
Global
	GlobalSection(SolutionConfigurationPlatforms) = preSolution
		Debug|Any CPU = Debug|Any CPU
		Release|Any CPU = Release|Any CPU
	EndGlobalSection
	GlobalSection(ProjectConfigurationPlatforms) = postSolution
		{CD679264-E0CE-4B3E-9435-CB912EECA607}.Debug|Any CPU.ActiveCfg = Debug|Any CPU
		{CD679264-E0CE-4B3E-9435-CB912EECA607}.Debug|Any CPU.Build.0 = Debug|Any CPU
		{CD679264-E0CE-4B3E-9435-CB912EECA607}.Release|Any CPU.ActiveCfg = Release|Any CPU
		{CD679264-E0CE-4B3E-9435-CB912EECA607}.Release|Any CPU.Build.0 = Release|Any CPU
	EndGlobalSection
	GlobalSection(SolutionProperties) = preSolution
		HideSolutionNode = FALSE
	EndGlobalSection
	GlobalSection(ExtensibilityGlobals) = postSolution
		SolutionGuid = {7A254250-7171-42F5-9151-BA7C29147B94}
	EndGlobalSection
EndGlobal
